
Microsoft Visual Studio Solution File, Format Version 12.00
# Visual Studio Version 16
VisualStudioVersion = 16.0.29806.167
MinimumVisualStudioVersion = 10.0.40219.1
Project("{9A19103F-16F7-4668-BE54-9A1E7A4F7556}") = "MyLab.RabbitClient", "MyLab.RabbitClient\MyLab.RabbitClient.csproj", "{03BC3629-F7D5-46F1-895C-95FBE6022C48}"
EndProject
Project("{9A19103F-16F7-4668-BE54-9A1E7A4F7556}") = "IntegrationTests", "IntegrationTests\IntegrationTests.csproj", "{2D096096-C20B-4ABF-8315-E6E1A3A5DA16}"
EndProject
Project("{9A19103F-16F7-4668-BE54-9A1E7A4F7556}") = "UnitTests", "UnitTests\UnitTests.csproj", "{C2871F99-5802-454D-8BA9-4995E1E1A226}"
EndProject
Global
	GlobalSection(SolutionConfigurationPlatforms) = preSolution
		Debug|Any CPU = Debug|Any CPU
		Release|Any CPU = Release|Any CPU
	EndGlobalSection
	GlobalSection(ProjectConfigurationPlatforms) = postSolution
		{03BC3629-F7D5-46F1-895C-95FBE6022C48}.Debug|Any CPU.ActiveCfg = Debug|Any CPU
		{03BC3629-F7D5-46F1-895C-95FBE6022C48}.Debug|Any CPU.Build.0 = Debug|Any CPU
		{03BC3629-F7D5-46F1-895C-95FBE6022C48}.Release|Any CPU.ActiveCfg = Release|Any CPU
		{03BC3629-F7D5-46F1-895C-95FBE6022C48}.Release|Any CPU.Build.0 = Release|Any CPU
		{2D096096-C20B-4ABF-8315-E6E1A3A5DA16}.Debug|Any CPU.ActiveCfg = Debug|Any CPU
		{2D096096-C20B-4ABF-8315-E6E1A3A5DA16}.Debug|Any CPU.Build.0 = Debug|Any CPU
		{2D096096-C20B-4ABF-8315-E6E1A3A5DA16}.Release|Any CPU.ActiveCfg = Release|Any CPU
		{2D096096-C20B-4ABF-8315-E6E1A3A5DA16}.Release|Any CPU.Build.0 = Release|Any CPU
		{C2871F99-5802-454D-8BA9-4995E1E1A226}.Debug|Any CPU.ActiveCfg = Debug|Any CPU
		{C2871F99-5802-454D-8BA9-4995E1E1A226}.Debug|Any CPU.Build.0 = Debug|Any CPU
		{C2871F99-5802-454D-8BA9-4995E1E1A226}.Release|Any CPU.ActiveCfg = Release|Any CPU
		{C2871F99-5802-454D-8BA9-4995E1E1A226}.Release|Any CPU.Build.0 = Release|Any CPU
	EndGlobalSection
	GlobalSection(SolutionProperties) = preSolution
		HideSolutionNode = FALSE
	EndGlobalSection
	GlobalSection(ExtensibilityGlobals) = postSolution
		SolutionGuid = {12DA61B0-FED1-41CE-9184-83FD030EBD73}
	EndGlobalSection
EndGlobal
